
Microsoft Visual Studio Solution File, Format Version 12.00
# Visual Studio Version 17
VisualStudioVersion = 17.9.34622.214
MinimumVisualStudioVersion = 10.0.40219.1
Project("{FAE04EC0-301F-11D3-BF4B-00C04F79EFBC}") = "TestDbConnection", "TestDbConnection\TestDbConnection.csproj", "{C6CF0A30-0578-4014-A113-168E6C8C0F43}"
EndProject
Global
	GlobalSection(SolutionConfigurationPlatforms) = preSolution
		Debug|Any CPU = Debug|Any CPU
		Release|Any CPU = Release|Any CPU
	EndGlobalSection
	GlobalSection(ProjectConfigurationPlatforms) = postSolution
		{C6CF0A30-0578-4014-A113-168E6C8C0F43}.Debug|Any CPU.ActiveCfg = Debug|Any CPU
		{C6CF0A30-0578-4014-A113-168E6C8C0F43}.Debug|Any CPU.Build.0 = Debug|Any CPU
		{C6CF0A30-0578-4014-A113-168E6C8C0F43}.Release|Any CPU.ActiveCfg = Release|Any CPU
		{C6CF0A30-0578-4014-A113-168E6C8C0F43}.Release|Any CPU.Build.0 = Release|Any CPU
	EndGlobalSection
	GlobalSection(SolutionProperties) = preSolution
		HideSolutionNode = FALSE
	EndGlobalSection
	GlobalSection(ExtensibilityGlobals) = postSolution
		SolutionGuid = {57C2B91B-58D6-4770-81C1-E223CBC234F4}
	EndGlobalSection
EndGlobal
