
Microsoft Visual Studio Solution File, Format Version 12.00
# Visual Studio Version 17
VisualStudioVersion = 17.0.31903.59
MinimumVisualStudioVersion = 10.0.40219.1
Project("{2150E333-8FDC-42A3-9474-1A3956D46DE8}") = "tests", "tests", "{C763AED2-1B73-4D5C-A009-E8BDB17B1D61}"
EndProject
Project("{FAE04EC0-301F-11D3-BF4B-00C04F79EFBC}") = "Vidly.BusinessLogic.Test", "tests\Vidly.BusinessLogic.Test\Vidly.BusinessLogic.Test.csproj", "{DCC78595-9AF3-497A-A021-B3F23D1D75EC}"
EndProject
Project("{2150E333-8FDC-42A3-9474-1A3956D46DE8}") = "src", "src", "{AEEBEAA9-CFC1-40E9-B91D-618238E0AD41}"
EndProject
Project("{FAE04EC0-301F-11D3-BF4B-00C04F79EFBC}") = "Vidly.BusinessLogic", "src\Vidly.BusinessLogic\Vidly.BusinessLogic.csproj", "{26D187E2-6EA3-4540-9517-F7808F11DB74}"
EndProject
Global
	GlobalSection(SolutionConfigurationPlatforms) = preSolution
		Debug|Any CPU = Debug|Any CPU
		Release|Any CPU = Release|Any CPU
	EndGlobalSection
	GlobalSection(SolutionProperties) = preSolution
		HideSolutionNode = FALSE
	EndGlobalSection
	GlobalSection(ProjectConfigurationPlatforms) = postSolution
		{DCC78595-9AF3-497A-A021-B3F23D1D75EC}.Debug|Any CPU.ActiveCfg = Debug|Any CPU
		{DCC78595-9AF3-497A-A021-B3F23D1D75EC}.Debug|Any CPU.Build.0 = Debug|Any CPU
		{DCC78595-9AF3-497A-A021-B3F23D1D75EC}.Release|Any CPU.ActiveCfg = Release|Any CPU
		{DCC78595-9AF3-497A-A021-B3F23D1D75EC}.Release|Any CPU.Build.0 = Release|Any CPU
		{26D187E2-6EA3-4540-9517-F7808F11DB74}.Debug|Any CPU.ActiveCfg = Debug|Any CPU
		{26D187E2-6EA3-4540-9517-F7808F11DB74}.Debug|Any CPU.Build.0 = Debug|Any CPU
		{26D187E2-6EA3-4540-9517-F7808F11DB74}.Release|Any CPU.ActiveCfg = Release|Any CPU
		{26D187E2-6EA3-4540-9517-F7808F11DB74}.Release|Any CPU.Build.0 = Release|Any CPU
	EndGlobalSection
	GlobalSection(NestedProjects) = preSolution
		{DCC78595-9AF3-497A-A021-B3F23D1D75EC} = {C763AED2-1B73-4D5C-A009-E8BDB17B1D61}
		{26D187E2-6EA3-4540-9517-F7808F11DB74} = {AEEBEAA9-CFC1-40E9-B91D-618238E0AD41}
	EndGlobalSection
EndGlobal
