
Microsoft Visual Studio Solution File, Format Version 12.00
# Visual Studio Version 17
VisualStudioVersion = 17.9.34622.214
MinimumVisualStudioVersion = 10.0.40219.1
Project("{9A19103F-16F7-4668-BE54-9A1E7A4F7556}") = "Reflection", "Reflection\Reflection.csproj", "{63FDA895-BB8A-48CB-B2F8-77F4A1750E69}"
EndProject
Project("{FAE04EC0-301F-11D3-BF4B-00C04F79EFBC}") = "Reflection.BubbleSort", "Reflection.BubbleSort\Reflection.BubbleSort.csproj", "{ED8B7D46-DC7F-4901-95AC-8F7B87B5E0CC}"
EndProject
Project("{FAE04EC0-301F-11D3-BF4B-00C04F79EFBC}") = "Reflection.MergeSort", "Reflection.MergeSort\Reflection.MergeSort.csproj", "{FB4B0402-988C-46C4-BD3D-B3927F6FEBFF}"
EndProject
Global
	GlobalSection(SolutionConfigurationPlatforms) = preSolution
		Debug|Any CPU = Debug|Any CPU
		Release|Any CPU = Release|Any CPU
	EndGlobalSection
	GlobalSection(ProjectConfigurationPlatforms) = postSolution
		{63FDA895-BB8A-48CB-B2F8-77F4A1750E69}.Debug|Any CPU.ActiveCfg = Debug|Any CPU
		{63FDA895-BB8A-48CB-B2F8-77F4A1750E69}.Debug|Any CPU.Build.0 = Debug|Any CPU
		{63FDA895-BB8A-48CB-B2F8-77F4A1750E69}.Release|Any CPU.ActiveCfg = Release|Any CPU
		{63FDA895-BB8A-48CB-B2F8-77F4A1750E69}.Release|Any CPU.Build.0 = Release|Any CPU
		{ED8B7D46-DC7F-4901-95AC-8F7B87B5E0CC}.Debug|Any CPU.ActiveCfg = Debug|Any CPU
		{ED8B7D46-DC7F-4901-95AC-8F7B87B5E0CC}.Debug|Any CPU.Build.0 = Debug|Any CPU
		{ED8B7D46-DC7F-4901-95AC-8F7B87B5E0CC}.Release|Any CPU.ActiveCfg = Release|Any CPU
		{ED8B7D46-DC7F-4901-95AC-8F7B87B5E0CC}.Release|Any CPU.Build.0 = Release|Any CPU
		{FB4B0402-988C-46C4-BD3D-B3927F6FEBFF}.Debug|Any CPU.ActiveCfg = Debug|Any CPU
		{FB4B0402-988C-46C4-BD3D-B3927F6FEBFF}.Debug|Any CPU.Build.0 = Debug|Any CPU
		{FB4B0402-988C-46C4-BD3D-B3927F6FEBFF}.Release|Any CPU.ActiveCfg = Release|Any CPU
		{FB4B0402-988C-46C4-BD3D-B3927F6FEBFF}.Release|Any CPU.Build.0 = Release|Any CPU
	EndGlobalSection
	GlobalSection(SolutionProperties) = preSolution
		HideSolutionNode = FALSE
	EndGlobalSection
	GlobalSection(ExtensibilityGlobals) = postSolution
		SolutionGuid = {43E081AC-CA2D-4212-9C56-99704902E868}
	EndGlobalSection
EndGlobal
